// !$*UTF8*$!
{
	archiveVersion = 1;
	classes = {
	};
	objectVersion = 46;
	objects = {

/* Begin PBXBuildFile section */
		C111056C1C88264B0029AA3E /* AppDelegate.swift in Sources */ = {isa = PBXBuildFile; fileRef = C111056B1C88264B0029AA3E /* AppDelegate.swift */; };
		C111056E1C88264B0029AA3E /* ViewController.swift in Sources */ = {isa = PBXBuildFile; fileRef = C111056D1C88264B0029AA3E /* ViewController.swift */; };
		C11105711C88264B0029AA3E /* Main.storyboard in Resources */ = {isa = PBXBuildFile; fileRef = C111056F1C88264B0029AA3E /* Main.storyboard */; };
		C11105731C88264B0029AA3E /* Assets.xcassets in Resources */ = {isa = PBXBuildFile; fileRef = C11105721C88264B0029AA3E /* Assets.xcassets */; };
		C11105761C88264B0029AA3E /* LaunchScreen.storyboard in Resources */ = {isa = PBXBuildFile; fileRef = C11105741C88264B0029AA3E /* LaunchScreen.storyboard */; };
		C111057E1C882B3F0029AA3E /* RecordViewController.swift in Sources */ = {isa = PBXBuildFile; fileRef = C111057D1C882B3F0029AA3E /* RecordViewController.swift */; };
/* End PBXBuildFile section */

/* Begin PBXFileReference section */
		C11105681C88264B0029AA3E /* MicFlag3.app */ = {isa = PBXFileReference; explicitFileType = wrapper.application; includeInIndex = 0; path = MicFlag3.app; sourceTree = BUILT_PRODUCTS_DIR; };
		C111056B1C88264B0029AA3E /* AppDelegate.swift */ = {isa = PBXFileReference; lastKnownFileType = sourcecode.swift; path = AppDelegate.swift; sourceTree = "<group>"; };
		C111056D1C88264B0029AA3E /* ViewController.swift */ = {isa = PBXFileReference; lastKnownFileType = sourcecode.swift; path = ViewController.swift; sourceTree = "<group>"; };
		C11105701C88264B0029AA3E /* Base */ = {isa = PBXFileReference; lastKnownFileType = file.storyboard; name = Base; path = Base.lproj/Main.storyboard; sourceTree = "<group>"; };
		C11105721C88264B0029AA3E /* Assets.xcassets */ = {isa = PBXFileReference; lastKnownFileType = folder.assetcatalog; path = Assets.xcassets; sourceTree = "<group>"; };
		C11105751C88264B0029AA3E /* Base */ = {isa = PBXFileReference; lastKnownFileType = file.storyboard; name = Base; path = Base.lproj/LaunchScreen.storyboard; sourceTree = "<group>"; };
		C11105771C88264B0029AA3E /* Info.plist */ = {isa = PBXFileReference; lastKnownFileType = text.plist.xml; path = Info.plist; sourceTree = "<group>"; };
		C111057D1C882B3F0029AA3E /* RecordViewController.swift */ = {isa = PBXFileReference; fileEncoding = 4; lastKnownFileType = sourcecode.swift; path = RecordViewController.swift; sourceTree = "<group>"; };
/* End PBXFileReference section */

/* Begin PBXFrameworksBuildPhase section */
		C11105651C88264B0029AA3E /* Frameworks */ = {
			isa = PBXFrameworksBuildPhase;
			buildActionMask = 2147483647;
			files = (
			);
			runOnlyForDeploymentPostprocessing = 0;
		};
/* End PBXFrameworksBuildPhase section */

/* Begin PBXGroup section */
		C111055F1C88264B0029AA3E = {
			isa = PBXGroup;
			children = (
				C111056A1C88264B0029AA3E /* MicFlag3 */,
				C11105691C88264B0029AA3E /* Products */,
			);
			sourceTree = "<group>";
		};
		C11105691C88264B0029AA3E /* Products */ = {
			isa = PBXGroup;
			children = (
				C11105681C88264B0029AA3E /* MicFlag3.app */,
			);
			name = Products;
			sourceTree = "<group>";
		};
		C111056A1C88264B0029AA3E /* MicFlag3 */ = {
			isa = PBXGroup;
			children = (
				C111056B1C88264B0029AA3E /* AppDelegate.swift */,
				C111056D1C88264B0029AA3E /* ViewController.swift */,
				C111056F1C88264B0029AA3E /* Main.storyboard */,
				C111057D1C882B3F0029AA3E /* RecordViewController.swift */,
				C11105721C88264B0029AA3E /* Assets.xcassets */,
				C11105741C88264B0029AA3E /* LaunchScreen.storyboard */,
				C11105771C88264B0029AA3E /* Info.plist */,
			);
			path = MicFlag3;
			sourceTree = "<group>";
		};
/* End PBXGroup section */

/* Begin PBXNativeTarget section */
		C11105671C88264B0029AA3E /* MicFlag3 */ = {
			isa = PBXNativeTarget;
			buildConfigurationList = C111057A1C88264B0029AA3E /* Build configuration list for PBXNativeTarget "MicFlag3" */;
			buildPhases = (
				C11105641C88264B0029AA3E /* Sources */,
				C11105651C88264B0029AA3E /* Frameworks */,
				C11105661C88264B0029AA3E /* Resources */,
			);
			buildRules = (
			);
			dependencies = (
			);
			name = MicFlag3;
			productName = MicFlag3;
			productReference = C11105681C88264B0029AA3E /* MicFlag3.app */;
			productType = "com.apple.product-type.application";
		};
/* End PBXNativeTarget section */

/* Begin PBXProject section */
		C11105601C88264B0029AA3E /* Project object */ = {
			isa = PBXProject;
			attributes = {
				LastSwiftUpdateCheck = 0720;
				LastUpgradeCheck = 0720;
				ORGANIZATIONNAME = "Nam Nguyen";
				TargetAttributes = {
					C11105671C88264B0029AA3E = {
						CreatedOnToolsVersion = 7.2.1;
						DevelopmentTeam = 6N5UPXD43H;
					};
				};
			};
			buildConfigurationList = C11105631C88264B0029AA3E /* Build configuration list for PBXProject "MicFlag3" */;
			compatibilityVersion = "Xcode 3.2";
			developmentRegion = English;
			hasScannedForEncodings = 0;
			knownRegions = (
				en,
				Base,
			);
			mainGroup = C111055F1C88264B0029AA3E;
			productRefGroup = C11105691C88264B0029AA3E /* Products */;
			projectDirPath = "";
			projectRoot = "";
			targets = (
				C11105671C88264B0029AA3E /* MicFlag3 */,
			);
		};
/* End PBXProject section */

/* Begin PBXResourcesBuildPhase section */
		C11105661C88264B0029AA3E /* Resources */ = {
			isa = PBXResourcesBuildPhase;
			buildActionMask = 2147483647;
			files = (
				C11105761C88264B0029AA3E /* LaunchScreen.storyboard in Resources */,
				C11105731C88264B0029AA3E /* Assets.xcassets in Resources */,
				C11105711C88264B0029AA3E /* Main.storyboard in Resources */,
			);
			runOnlyForDeploymentPostprocessing = 0;
		};
/* End PBXResourcesBuildPhase section */

/* Begin PBXSourcesBuildPhase section */
		C11105641C88264B0029AA3E /* Sources */ = {
			isa = PBXSourcesBuildPhase;
			buildActionMask = 2147483647;
			files = (
				C111057E1C882B3F0029AA3E /* RecordViewController.swift in Sources */,
				C111056E1C88264B0029AA3E /* ViewController.swift in Sources */,
				C111056C1C88264B0029AA3E /* AppDelegate.swift in Sources */,
			);
			runOnlyForDeploymentPostprocessing = 0;
		};
/* End PBXSourcesBuildPhase section */

/* Begin PBXVariantGroup section */
		C111056F1C88264B0029AA3E /* Main.storyboard */ = {
			isa = PBXVariantGroup;
			children = (
				C11105701C88264B0029AA3E /* Base */,
			);
			name = Main.storyboard;
			sourceTree = "<group>";
		};
		C11105741C88264B0029AA3E /* LaunchScreen.storyboard */ = {
			isa = PBXVariantGroup;
			children = (
				C11105751C88264B0029AA3E /* Base */,
			);
			name = LaunchScreen.storyboard;
			sourceTree = "<group>";
		};
/* End PBXVariantGroup section */

/* Begin XCBuildConfiguration section */
		C11105781C88264B0029AA3E /* Debug */ = {
			isa = XCBuildConfiguration;
			buildSettings = {
				ALWAYS_SEARCH_USER_PATHS = NO;
				CLANG_CXX_LANGUAGE_STANDARD = "gnu++0x";
				CLANG_CXX_LIBRARY = "libc++";
				CLANG_ENABLE_MODULES = YES;
				CLANG_ENABLE_OBJC_ARC = YES;
				CLANG_WARN_BOOL_CONVERSION = YES;
				CLANG_WARN_CONSTANT_CONVERSION = YES;
				CLANG_WARN_DIRECT_OBJC_ISA_USAGE = YES_ERROR;
				CLANG_WARN_EMPTY_BODY = YES;
				CLANG_WARN_ENUM_CONVERSION = YES;
				CLANG_WARN_INT_CONVERSION = YES;
				CLANG_WARN_OBJC_ROOT_CLASS = YES_ERROR;
				CLANG_WARN_UNREACHABLE_CODE = YES;
				CLANG_WARN__DUPLICATE_METHOD_MATCH = YES;
				"CODE_SIGN_IDENTITY[sdk=iphoneos*]" = "iPhone Developer";
				COPY_PHASE_STRIP = NO;
				DEBUG_INFORMATION_FORMAT = dwarf;
				ENABLE_STRICT_OBJC_MSGSEND = YES;
				ENABLE_TESTABILITY = YES;
				GCC_C_LANGUAGE_STANDARD = gnu99;
				GCC_DYNAMIC_NO_PIC = NO;
				GCC_NO_COMMON_BLOCKS = YES;
				GCC_OPTIMIZATION_LEVEL = 0;
				GCC_PREPROCESSOR_DEFINITIONS = (
					"DEBUG=1",
					"$(inherited)",
				);
				GCC_WARN_64_TO_32_BIT_CONVERSION = YES;
				GCC_WARN_ABOUT_RETURN_TYPE = YES_ERROR;
				GCC_WARN_UNDECLARED_SELECTOR = YES;
				GCC_WARN_UNINITIALIZED_AUTOS = YES_AGGRESSIVE;
				GCC_WARN_UNUSED_FUNCTION = YES;
				GCC_WARN_UNUSED_VARIABLE = YES;
				IPHONEOS_DEPLOYMENT_TARGET = 9.2;
				MTL_ENABLE_DEBUG_INFO = YES;
				ONLY_ACTIVE_ARCH = YES;
				SDKROOT = iphoneos;
				SWIFT_OPTIMIZATION_LEVEL = "-Onone";
			};
			name = Debug;
		};
		C11105791C88264B0029AA3E /* Release */ = {
			isa = XCBuildConfiguration;
			buildSettings = {
				ALWAYS_SEARCH_USER_PATHS = NO;
				CLANG_CXX_LANGUAGE_STANDARD = "gnu++0x";
				CLANG_CXX_LIBRARY = "libc++";
				CLANG_ENABLE_MODULES = YES;
				CLANG_ENABLE_OBJC_ARC = YES;
				CLANG_WARN_BOOL_CONVERSION = YES;
				CLANG_WARN_CONSTANT_CONVERSION = YES;
				CLANG_WARN_DIRECT_OBJC_ISA_USAGE = YES_ERROR;
				CLANG_WARN_EMPTY_BODY = YES;
				CLANG_WARN_ENUM_CONVERSION = YES;
				CLANG_WARN_INT_CONVERSION = YES;
				CLANG_WARN_OBJC_ROOT_CLASS = YES_ERROR;
				CLANG_WARN_UNREACHABLE_CODE = YES;
				CLANG_WARN__DUPLICATE_METHOD_MATCH = YES;
				"CODE_SIGN_IDENTITY[sdk=iphoneos*]" = "iPhone Developer";
				COPY_PHASE_STRIP = NO;
				DEBUG_INFORMATION_FORMAT = "dwarf-with-dsym";
				ENABLE_NS_ASSERTIONS = NO;
				ENABLE_STRICT_OBJC_MSGSEND = YES;
				GCC_C_LANGUAGE_STANDARD = gnu99;
				GCC_NO_COMMON_BLOCKS = YES;
				GCC_WARN_64_TO_32_BIT_CONVERSION = YES;
				GCC_WARN_ABOUT_RETURN_TYPE = YES_ERROR;
				GCC_WARN_UNDECLARED_SELECTOR = YES;
				GCC_WARN_UNINITIALIZED_AUTOS = YES_AGGRESSIVE;
				GCC_WARN_UNUSED_FUNCTION = YES;
				GCC_WARN_UNUSED_VARIABLE = YES;
				IPHONEOS_DEPLOYMENT_TARGET = 9.2;
				MTL_ENABLE_DEBUG_INFO = NO;
				SDKROOT = iphoneos;
				VALIDATE_PRODUCT = YES;
			};
			name = Release;
		};
		C111057B1C88264B0029AA3E /* Debug */ = {
			isa = XCBuildConfiguration;
			buildSettings = {
				ASSETCATALOG_COMPILER_APPICON_NAME = AppIcon;
				CODE_SIGN_IDENTITY = "iPhone Developer";
				"CODE_SIGN_IDENTITY[sdk=iphoneos*]" = "iPhone Developer";
				INFOPLIST_FILE = MicFlag3/Info.plist;
				IPHONEOS_DEPLOYMENT_TARGET = 9.0;
				LD_RUNPATH_SEARCH_PATHS = "$(inherited) @executable_path/Frameworks";
				PRODUCT_BUNDLE_IDENTIFIER = com.R68.MicFlag3;
				PRODUCT_NAME = "$(TARGET_NAME)";
				PROVISIONING_PROFILE = "";
			};
			name = Debug;
		};
		C111057C1C88264B0029AA3E /* Release */ = {
			isa = XCBuildConfiguration;
			buildSettings = {
				ASSETCATALOG_COMPILER_APPICON_NAME = AppIcon;
				CODE_SIGN_IDENTITY = "iPhone Developer";
				"CODE_SIGN_IDENTITY[sdk=iphoneos*]" = "iPhone Developer";
				INFOPLIST_FILE = MicFlag3/Info.plist;
				IPHONEOS_DEPLOYMENT_TARGET = 9.0;
				LD_RUNPATH_SEARCH_PATHS = "$(inherited) @executable_path/Frameworks";
				PRODUCT_BUNDLE_IDENTIFIER = com.R68.MicFlag3;
				PRODUCT_NAME = "$(TARGET_NAME)";
				PROVISIONING_PROFILE = "";
			};
			name = Release;
		};
/* End XCBuildConfiguration section */

/* Begin XCConfigurationList section */
		C11105631C88264B0029AA3E /* Build configuration list for PBXProject "MicFlag3" */ = {
			isa = XCConfigurationList;
			buildConfigurations = (
				C11105781C88264B0029AA3E /* Debug */,
				C11105791C88264B0029AA3E /* Release */,
			);
			defaultConfigurationIsVisible = 0;
			defaultConfigurationName = Release;
		};
		C111057A1C88264B0029AA3E /* Build configuration list for PBXNativeTarget "MicFlag3" */ = {
			isa = XCConfigurationList;
			buildConfigurations = (
				C111057B1C88264B0029AA3E /* Debug */,
				C111057C1C88264B0029AA3E /* Release */,
			);
			defaultConfigurationIsVisible = 0;
			defaultConfigurationName = Release;
		};
/* End XCConfigurationList section */
	};
	rootObject = C11105601C88264B0029AA3E /* Project object */;
}
